{
  "name": "strapi-provider-email-smtp",
  "version": "1.0.2",
  "lockfileVersion": 1,
  "requires": true,
  "dependencies": {
    "lodash": {
      "version": "4.17.21",
      "resolved": "https://registry.npmjs.org/lodash/-/lodash-4.17.21.tgz",
      "integrity": "sha512-v2kDEe57lecTulaDIuNTPy3Ry4gLGJ6Z1O3vE1krgXZNrsQ+LFTGHVxVjcXPs17LhbZVGedAJv8XZ1tvj5FvSg=="
    },
    "nodemailer": {
      "version": "6.4.11",
      "resolved": "https://registry.npmjs.org/nodemailer/-/nodemailer-6.4.11.tgz",
      "integrity": "sha512-BVZBDi+aJV4O38rxsUh164Dk1NCqgh6Cm0rQSb9SK/DHGll/DrCMnycVDD7msJgZCnmVa8ASo8EZzR7jsgTukQ=="
    }
  }
}
